
Microsoft Visual Studio Solution File, Format Version 12.00
# Visual Studio Express 2013 for Windows Desktop
VisualStudioVersion = 12.0.21005.1
MinimumVisualStudioVersion = 10.0.40219.1
Project("{8BC9CEB8-8B4A-11D0-8D11-00A0C91BC942}") = "labra_3", "labra_3\labra_3.vcxproj", "{A24FBD05-AB3C-4845-AB6E-85F8FF446111}"
EndProject
Global
	GlobalSection(SolutionConfigurationPlatforms) = preSolution
		Debug|Win32 = Debug|Win32
		Release|Win32 = Release|Win32
	EndGlobalSection
	GlobalSection(ProjectConfigurationPlatforms) = postSolution
		{A24FBD05-AB3C-4845-AB6E-85F8FF446111}.Debug|Win32.ActiveCfg = Debug|Win32
		{A24FBD05-AB3C-4845-AB6E-85F8FF446111}.Debug|Win32.Build.0 = Debug|Win32
		{A24FBD05-AB3C-4845-AB6E-85F8FF446111}.Release|Win32.ActiveCfg = Release|Win32
		{A24FBD05-AB3C-4845-AB6E-85F8FF446111}.Release|Win32.Build.0 = Release|Win32
	EndGlobalSection
	GlobalSection(SolutionProperties) = preSolution
		HideSolutionNode = FALSE
	EndGlobalSection
EndGlobal
